
Microsoft Visual Studio Solution File, Format Version 12.00
# Visual Studio Version 17
VisualStudioVersion = 17.0.31903.59
MinimumVisualStudioVersion = 10.0.40219.1
Project("{6EC3EE1D-3C4E-46DD-8F32-0CC8E7565705}") = "TaskMan.Client", "TaskMan.Client\TaskMan.Client.fsproj", "{EB42A508-E70C-4AF7-9D66-C4EAB2A18A0E}"
EndProject
Project("{6EC3EE1D-3C4E-46DD-8F32-0CC8E7565705}") = "TaskMan.Core", "TaskMan.Core\TaskMan.Core.fsproj", "{1B5BED16-4410-4140-83B5-A430B133CD42}"
EndProject
Project("{6EC3EE1D-3C4E-46DD-8F32-0CC8E7565705}") = "TaskMan.API", "TaskMan.API\TaskMan.API.fsproj", "{603F63DB-E641-4AFB-A06B-30593F4418E7}"
EndProject
Project("{FAE04EC0-301F-11D3-BF4B-00C04F79EFBC}") = "TaskMan.Protobuf", "TaskMan.Protobuf\TaskMan.Protobuf.csproj", "{A9041456-70AB-4099-A5E4-C96A14DFA509}"
EndProject
Global
	GlobalSection(SolutionConfigurationPlatforms) = preSolution
		Debug|Any CPU = Debug|Any CPU
		Release|Any CPU = Release|Any CPU
	EndGlobalSection
	GlobalSection(ProjectConfigurationPlatforms) = postSolution
		{EB42A508-E70C-4AF7-9D66-C4EAB2A18A0E}.Debug|Any CPU.ActiveCfg = Debug|Any CPU
		{EB42A508-E70C-4AF7-9D66-C4EAB2A18A0E}.Debug|Any CPU.Build.0 = Debug|Any CPU
		{EB42A508-E70C-4AF7-9D66-C4EAB2A18A0E}.Release|Any CPU.ActiveCfg = Release|Any CPU
		{EB42A508-E70C-4AF7-9D66-C4EAB2A18A0E}.Release|Any CPU.Build.0 = Release|Any CPU
		{1B5BED16-4410-4140-83B5-A430B133CD42}.Debug|Any CPU.ActiveCfg = Debug|Any CPU
		{1B5BED16-4410-4140-83B5-A430B133CD42}.Debug|Any CPU.Build.0 = Debug|Any CPU
		{1B5BED16-4410-4140-83B5-A430B133CD42}.Release|Any CPU.ActiveCfg = Release|Any CPU
		{1B5BED16-4410-4140-83B5-A430B133CD42}.Release|Any CPU.Build.0 = Release|Any CPU
		{603F63DB-E641-4AFB-A06B-30593F4418E7}.Debug|Any CPU.ActiveCfg = Debug|Any CPU
		{603F63DB-E641-4AFB-A06B-30593F4418E7}.Debug|Any CPU.Build.0 = Debug|Any CPU
		{603F63DB-E641-4AFB-A06B-30593F4418E7}.Release|Any CPU.ActiveCfg = Release|Any CPU
		{603F63DB-E641-4AFB-A06B-30593F4418E7}.Release|Any CPU.Build.0 = Release|Any CPU
		{A9041456-70AB-4099-A5E4-C96A14DFA509}.Debug|Any CPU.ActiveCfg = Debug|Any CPU
		{A9041456-70AB-4099-A5E4-C96A14DFA509}.Debug|Any CPU.Build.0 = Debug|Any CPU
		{A9041456-70AB-4099-A5E4-C96A14DFA509}.Release|Any CPU.ActiveCfg = Release|Any CPU
		{A9041456-70AB-4099-A5E4-C96A14DFA509}.Release|Any CPU.Build.0 = Release|Any CPU
	EndGlobalSection
	GlobalSection(SolutionProperties) = preSolution
		HideSolutionNode = FALSE
	EndGlobalSection
EndGlobal
